
Microsoft Visual Studio Solution File, Format Version 12.00
# Visual Studio 2013
VisualStudioVersion = 12.0.21005.1
MinimumVisualStudioVersion = 10.0.40219.1
Project("{FAE04EC0-301F-11D3-BF4B-00C04F79EFBC}") = "RockPaperScissors.WebApi", "RockPaperScissors.WebApi\RockPaperScissors.WebApi.csproj", "{F91975B3-8BB0-4861-A5D7-D8CB35FE5DF5}"
EndProject
Project("{FAE04EC0-301F-11D3-BF4B-00C04F79EFBC}") = "RockPaperScissors.WebApi.Tests", "RockPaperScissors.WebApi.Tests\RockPaperScissors.WebApi.Tests.csproj", "{E8413B91-38F5-4B56-AB82-AB1CF3C09669}"
EndProject
Project("{FAE04EC0-301F-11D3-BF4B-00C04F79EFBC}") = "RockPaperScissors.BL", "RockPaperScissors.StaticValues\RockPaperScissors.BL.csproj", "{71C5FC0E-8634-4FBB-9FD3-689335EAEE5F}"
EndProject
Project("{FAE04EC0-301F-11D3-BF4B-00C04F79EFBC}") = "RockPaperScissors.Web", "RockPaperScissors.Web\RockPaperScissors.Web.csproj", "{920072C9-6C7B-4626-9BBE-F2BD316C50C9}"
EndProject
Project("{FAE04EC0-301F-11D3-BF4B-00C04F79EFBC}") = "RockPaperScissors.BL.Tests", "RockPaperScissors.BL.Tests\RockPaperScissors.BL.Tests.csproj", "{A06C895F-EAB7-48C8-8DF1-4D09D64EE034}"
EndProject
Project("{FAE04EC0-301F-11D3-BF4B-00C04F79EFBC}") = "RockPaperScissors.DatabaseEntities", "RockPaperScissors.DatabaseEntities\RockPaperScissors.DatabaseEntities.csproj", "{F260260D-DD50-493F-97DE-4A33D69E63B4}"
EndProject
Project("{FAE04EC0-301F-11D3-BF4B-00C04F79EFBC}") = "RockPaperScissors.Data", "RockPaperScissors.Data\RockPaperScissors.Data.csproj", "{62DA92F7-2330-4FEB-9624-98233930A4A6}"
EndProject
Project("{FAE04EC0-301F-11D3-BF4B-00C04F79EFBC}") = "RockPaperScissors.Services", "RockPaperScissors.Services\RockPaperScissors.Services.csproj", "{868F74B2-1838-4B2F-A1B5-54A67904E7A4}"
EndProject
Project("{FAE04EC0-301F-11D3-BF4B-00C04F79EFBC}") = "RockPaperScissors.Common", "RockPaperScissors.Common\RockPaperScissors.Common.csproj", "{97F6F902-188F-49DE-82B4-429408C470E9}"
EndProject
Global
	GlobalSection(SolutionConfigurationPlatforms) = preSolution
		Debug|Any CPU = Debug|Any CPU
		Release|Any CPU = Release|Any CPU
	EndGlobalSection
	GlobalSection(ProjectConfigurationPlatforms) = postSolution
		{F91975B3-8BB0-4861-A5D7-D8CB35FE5DF5}.Debug|Any CPU.ActiveCfg = Debug|Any CPU
		{F91975B3-8BB0-4861-A5D7-D8CB35FE5DF5}.Debug|Any CPU.Build.0 = Debug|Any CPU
		{F91975B3-8BB0-4861-A5D7-D8CB35FE5DF5}.Release|Any CPU.ActiveCfg = Release|Any CPU
		{F91975B3-8BB0-4861-A5D7-D8CB35FE5DF5}.Release|Any CPU.Build.0 = Release|Any CPU
		{E8413B91-38F5-4B56-AB82-AB1CF3C09669}.Debug|Any CPU.ActiveCfg = Debug|Any CPU
		{E8413B91-38F5-4B56-AB82-AB1CF3C09669}.Debug|Any CPU.Build.0 = Debug|Any CPU
		{E8413B91-38F5-4B56-AB82-AB1CF3C09669}.Release|Any CPU.ActiveCfg = Release|Any CPU
		{E8413B91-38F5-4B56-AB82-AB1CF3C09669}.Release|Any CPU.Build.0 = Release|Any CPU
		{71C5FC0E-8634-4FBB-9FD3-689335EAEE5F}.Debug|Any CPU.ActiveCfg = Debug|Any CPU
		{71C5FC0E-8634-4FBB-9FD3-689335EAEE5F}.Debug|Any CPU.Build.0 = Debug|Any CPU
		{71C5FC0E-8634-4FBB-9FD3-689335EAEE5F}.Release|Any CPU.ActiveCfg = Release|Any CPU
		{71C5FC0E-8634-4FBB-9FD3-689335EAEE5F}.Release|Any CPU.Build.0 = Release|Any CPU
		{920072C9-6C7B-4626-9BBE-F2BD316C50C9}.Debug|Any CPU.ActiveCfg = Debug|Any CPU
		{920072C9-6C7B-4626-9BBE-F2BD316C50C9}.Debug|Any CPU.Build.0 = Debug|Any CPU
		{920072C9-6C7B-4626-9BBE-F2BD316C50C9}.Release|Any CPU.ActiveCfg = Release|Any CPU
		{920072C9-6C7B-4626-9BBE-F2BD316C50C9}.Release|Any CPU.Build.0 = Release|Any CPU
		{A06C895F-EAB7-48C8-8DF1-4D09D64EE034}.Debug|Any CPU.ActiveCfg = Debug|Any CPU
		{A06C895F-EAB7-48C8-8DF1-4D09D64EE034}.Debug|Any CPU.Build.0 = Debug|Any CPU
		{A06C895F-EAB7-48C8-8DF1-4D09D64EE034}.Release|Any CPU.ActiveCfg = Release|Any CPU
		{A06C895F-EAB7-48C8-8DF1-4D09D64EE034}.Release|Any CPU.Build.0 = Release|Any CPU
		{F260260D-DD50-493F-97DE-4A33D69E63B4}.Debug|Any CPU.ActiveCfg = Debug|Any CPU
		{F260260D-DD50-493F-97DE-4A33D69E63B4}.Debug|Any CPU.Build.0 = Debug|Any CPU
		{F260260D-DD50-493F-97DE-4A33D69E63B4}.Release|Any CPU.ActiveCfg = Release|Any CPU
		{F260260D-DD50-493F-97DE-4A33D69E63B4}.Release|Any CPU.Build.0 = Release|Any CPU
		{62DA92F7-2330-4FEB-9624-98233930A4A6}.Debug|Any CPU.ActiveCfg = Debug|Any CPU
		{62DA92F7-2330-4FEB-9624-98233930A4A6}.Debug|Any CPU.Build.0 = Debug|Any CPU
		{62DA92F7-2330-4FEB-9624-98233930A4A6}.Release|Any CPU.ActiveCfg = Release|Any CPU
		{62DA92F7-2330-4FEB-9624-98233930A4A6}.Release|Any CPU.Build.0 = Release|Any CPU
		{868F74B2-1838-4B2F-A1B5-54A67904E7A4}.Debug|Any CPU.ActiveCfg = Debug|Any CPU
		{868F74B2-1838-4B2F-A1B5-54A67904E7A4}.Debug|Any CPU.Build.0 = Debug|Any CPU
		{868F74B2-1838-4B2F-A1B5-54A67904E7A4}.Release|Any CPU.ActiveCfg = Release|Any CPU
		{868F74B2-1838-4B2F-A1B5-54A67904E7A4}.Release|Any CPU.Build.0 = Release|Any CPU
		{97F6F902-188F-49DE-82B4-429408C470E9}.Debug|Any CPU.ActiveCfg = Debug|Any CPU
		{97F6F902-188F-49DE-82B4-429408C470E9}.Debug|Any CPU.Build.0 = Debug|Any CPU
		{97F6F902-188F-49DE-82B4-429408C470E9}.Release|Any CPU.ActiveCfg = Release|Any CPU
		{97F6F902-188F-49DE-82B4-429408C470E9}.Release|Any CPU.Build.0 = Release|Any CPU
	EndGlobalSection
	GlobalSection(SolutionProperties) = preSolution
		HideSolutionNode = FALSE
	EndGlobalSection
EndGlobal
