
Microsoft Visual Studio Solution File, Format Version 12.00
# Visual Studio 2013
VisualStudioVersion = 12.0.21005.1
MinimumVisualStudioVersion = 10.0.40219.1
Project("{FAE04EC0-301F-11D3-BF4B-00C04F79EFBC}") = "RockPaperScissors.WebApi", "RockPaperScissors.WebApi\RockPaperScissors.WebApi.csproj", "{F91975B3-8BB0-4861-A5D7-D8CB35FE5DF5}"
EndProject
Project("{FAE04EC0-301F-11D3-BF4B-00C04F79EFBC}") = "RockPaperScissors.WebApi.Tests", "RockPaperScissors.WebApi.Tests\RockPaperScissors.WebApi.Tests.csproj", "{E8413B91-38F5-4B56-AB82-AB1CF3C09669}"
EndProject
Project("{FAE04EC0-301F-11D3-BF4B-00C04F79EFBC}") = "RockPaperScissors.BL", "RockPaperScissors.StaticValues\RockPaperScissors.BL.csproj", "{71C5FC0E-8634-4FBB-9FD3-689335EAEE5F}"
EndProject
Project("{FAE04EC0-301F-11D3-BF4B-00C04F79EFBC}") = "RockPaperScissors.Web", "RockPaperScissors.Web\RockPaperScissors.Web.csproj", "{920072C9-6C7B-4626-9BBE-F2BD316C50C9}"
EndProject
Project("{FAE04EC0-301F-11D3-BF4B-00C04F79EFBC}") = "RockPaperScissors.BL.Tests", "RockPaperScissors.BL.Tests\RockPaperScissors.BL.Tests.csproj", "{A06C895F-EAB7-48C8-8DF1-4D09D64EE034}"
EndProject
Project("{FAE04EC0-301F-11D3-BF4B-00C04F79EFBC}") = "RockPaperScissors.DAL", "RockPaperScissors.DAL\RockPaperScissors.DAL.csproj", "{CFB8334E-6EC2-493E-9961-2226C85219BC}"
EndProject
Project("{FAE04EC0-301F-11D3-BF4B-00C04F79EFBC}") = "RockPaperScissors.Respository", "RockPaperScissors.Respository\RockPaperScissors.Respository.csproj", "{0736B47D-655E-43FC-8ABB-84833138E1F2}"
EndProject
Project("{FAE04EC0-301F-11D3-BF4B-00C04F79EFBC}") = "RockPaperScissors.Entities", "RockPaperScissors.Entities\RockPaperScissors.Entities.csproj", "{131FD3CA-1904-4FC9-9CD1-983B686D8258}"
EndProject
Project("{FAE04EC0-301F-11D3-BF4B-00C04F79EFBC}") = "RockPaperScissors.Respository.Tests", "RockPaperScissors.Respository.Tests\RockPaperScissors.Respository.Tests.csproj", "{688B31E7-AF27-4163-BC0C-9EB351011398}"
EndProject
Global
	GlobalSection(SolutionConfigurationPlatforms) = preSolution
		Debug|Any CPU = Debug|Any CPU
		Release|Any CPU = Release|Any CPU
	EndGlobalSection
	GlobalSection(ProjectConfigurationPlatforms) = postSolution
		{F91975B3-8BB0-4861-A5D7-D8CB35FE5DF5}.Debug|Any CPU.ActiveCfg = Debug|Any CPU
		{F91975B3-8BB0-4861-A5D7-D8CB35FE5DF5}.Debug|Any CPU.Build.0 = Debug|Any CPU
		{F91975B3-8BB0-4861-A5D7-D8CB35FE5DF5}.Release|Any CPU.ActiveCfg = Release|Any CPU
		{F91975B3-8BB0-4861-A5D7-D8CB35FE5DF5}.Release|Any CPU.Build.0 = Release|Any CPU
		{E8413B91-38F5-4B56-AB82-AB1CF3C09669}.Debug|Any CPU.ActiveCfg = Debug|Any CPU
		{E8413B91-38F5-4B56-AB82-AB1CF3C09669}.Debug|Any CPU.Build.0 = Debug|Any CPU
		{E8413B91-38F5-4B56-AB82-AB1CF3C09669}.Release|Any CPU.ActiveCfg = Release|Any CPU
		{E8413B91-38F5-4B56-AB82-AB1CF3C09669}.Release|Any CPU.Build.0 = Release|Any CPU
		{71C5FC0E-8634-4FBB-9FD3-689335EAEE5F}.Debug|Any CPU.ActiveCfg = Debug|Any CPU
		{71C5FC0E-8634-4FBB-9FD3-689335EAEE5F}.Debug|Any CPU.Build.0 = Debug|Any CPU
		{71C5FC0E-8634-4FBB-9FD3-689335EAEE5F}.Release|Any CPU.ActiveCfg = Release|Any CPU
		{71C5FC0E-8634-4FBB-9FD3-689335EAEE5F}.Release|Any CPU.Build.0 = Release|Any CPU
		{920072C9-6C7B-4626-9BBE-F2BD316C50C9}.Debug|Any CPU.ActiveCfg = Debug|Any CPU
		{920072C9-6C7B-4626-9BBE-F2BD316C50C9}.Debug|Any CPU.Build.0 = Debug|Any CPU
		{920072C9-6C7B-4626-9BBE-F2BD316C50C9}.Release|Any CPU.ActiveCfg = Release|Any CPU
		{920072C9-6C7B-4626-9BBE-F2BD316C50C9}.Release|Any CPU.Build.0 = Release|Any CPU
		{A06C895F-EAB7-48C8-8DF1-4D09D64EE034}.Debug|Any CPU.ActiveCfg = Debug|Any CPU
		{A06C895F-EAB7-48C8-8DF1-4D09D64EE034}.Debug|Any CPU.Build.0 = Debug|Any CPU
		{A06C895F-EAB7-48C8-8DF1-4D09D64EE034}.Release|Any CPU.ActiveCfg = Release|Any CPU
		{A06C895F-EAB7-48C8-8DF1-4D09D64EE034}.Release|Any CPU.Build.0 = Release|Any CPU
		{CFB8334E-6EC2-493E-9961-2226C85219BC}.Debug|Any CPU.ActiveCfg = Debug|Any CPU
		{CFB8334E-6EC2-493E-9961-2226C85219BC}.Debug|Any CPU.Build.0 = Debug|Any CPU
		{CFB8334E-6EC2-493E-9961-2226C85219BC}.Release|Any CPU.ActiveCfg = Release|Any CPU
		{CFB8334E-6EC2-493E-9961-2226C85219BC}.Release|Any CPU.Build.0 = Release|Any CPU
		{0736B47D-655E-43FC-8ABB-84833138E1F2}.Debug|Any CPU.ActiveCfg = Debug|Any CPU
		{0736B47D-655E-43FC-8ABB-84833138E1F2}.Debug|Any CPU.Build.0 = Debug|Any CPU
		{0736B47D-655E-43FC-8ABB-84833138E1F2}.Release|Any CPU.ActiveCfg = Release|Any CPU
		{0736B47D-655E-43FC-8ABB-84833138E1F2}.Release|Any CPU.Build.0 = Release|Any CPU
		{131FD3CA-1904-4FC9-9CD1-983B686D8258}.Debug|Any CPU.ActiveCfg = Debug|Any CPU
		{131FD3CA-1904-4FC9-9CD1-983B686D8258}.Debug|Any CPU.Build.0 = Debug|Any CPU
		{131FD3CA-1904-4FC9-9CD1-983B686D8258}.Release|Any CPU.ActiveCfg = Release|Any CPU
		{131FD3CA-1904-4FC9-9CD1-983B686D8258}.Release|Any CPU.Build.0 = Release|Any CPU
		{688B31E7-AF27-4163-BC0C-9EB351011398}.Debug|Any CPU.ActiveCfg = Debug|Any CPU
		{688B31E7-AF27-4163-BC0C-9EB351011398}.Debug|Any CPU.Build.0 = Debug|Any CPU
		{688B31E7-AF27-4163-BC0C-9EB351011398}.Release|Any CPU.ActiveCfg = Release|Any CPU
		{688B31E7-AF27-4163-BC0C-9EB351011398}.Release|Any CPU.Build.0 = Release|Any CPU
	EndGlobalSection
	GlobalSection(SolutionProperties) = preSolution
		HideSolutionNode = FALSE
	EndGlobalSection
EndGlobal
